
Microsoft Visual Studio Solution File, Format Version 12.00
# Visual Studio Version 17
VisualStudioVersion = 17.6.33829.357
MinimumVisualStudioVersion = 10.0.40219.1
Project("{FAE04EC0-301F-11D3-BF4B-00C04F79EFBC}") = "FORZA4", "FORZA4\FORZA4.csproj", "{1DF854CC-4BB1-4A99-9166-D898B5E93A8F}"
EndProject
Global
	GlobalSection(SolutionConfigurationPlatforms) = preSolution
		Debug|Any CPU = Debug|Any CPU
		Release|Any CPU = Release|Any CPU
	EndGlobalSection
	GlobalSection(ProjectConfigurationPlatforms) = postSolution
		{1DF854CC-4BB1-4A99-9166-D898B5E93A8F}.Debug|Any CPU.ActiveCfg = Debug|Any CPU
		{1DF854CC-4BB1-4A99-9166-D898B5E93A8F}.Debug|Any CPU.Build.0 = Debug|Any CPU
		{1DF854CC-4BB1-4A99-9166-D898B5E93A8F}.Release|Any CPU.ActiveCfg = Release|Any CPU
		{1DF854CC-4BB1-4A99-9166-D898B5E93A8F}.Release|Any CPU.Build.0 = Release|Any CPU
	EndGlobalSection
	GlobalSection(SolutionProperties) = preSolution
		HideSolutionNode = FALSE
	EndGlobalSection
	GlobalSection(ExtensibilityGlobals) = postSolution
		SolutionGuid = {8766B4C5-D302-451B-9288-A99C6405A4AC}
	EndGlobalSection
EndGlobal
